// !$*UTF8*$!
{
	archiveVersion = 1;
	classes = {
	};
	objectVersion = 46;
	objects = {

/* Begin PBXBuildFile section */
		2E57E1381DBDC3470055DBE6 /* AppDelegate.swift in Sources */ = {isa = PBXBuildFile; fileRef = 2E57E1371DBDC3470055DBE6 /* AppDelegate.swift */; };
		2E57E13A1DBDC3470055DBE6 /* ViewController.swift in Sources */ = {isa = PBXBuildFile; fileRef = 2E57E1391DBDC3470055DBE6 /* ViewController.swift */; };
		2E57E13D1DBDC3470055DBE6 /* Main.storyboard in Resources */ = {isa = PBXBuildFile; fileRef = 2E57E13B1DBDC3470055DBE6 /* Main.storyboard */; };
		2E57E13F1DBDC3470055DBE6 /* Assets.xcassets in Resources */ = {isa = PBXBuildFile; fileRef = 2E57E13E1DBDC3470055DBE6 /* Assets.xcassets */; };
		2E57E1421DBDC3470055DBE6 /* LaunchScreen.storyboard in Resources */ = {isa = PBXBuildFile; fileRef = 2E57E1401DBDC3470055DBE6 /* LaunchScreen.storyboard */; };
		A97A88827138B8A54041746E /* Pods_GoalKicker.framework in Frameworks */ = {isa = PBXBuildFile; fileRef = 80FF2B86F7CC03D24885A8B8 /* Pods_GoalKicker.framework */; };
/* End PBXBuildFile section */

/* Begin PBXFileReference section */
		2E57E1341DBDC3470055DBE6 /* GoalKicker.app */ = {isa = PBXFileReference; explicitFileType = wrapper.application; includeInIndex = 0; path = GoalKicker.app; sourceTree = BUILT_PRODUCTS_DIR; };
		2E57E1371DBDC3470055DBE6 /* AppDelegate.swift */ = {isa = PBXFileReference; lastKnownFileType = sourcecode.swift; path = AppDelegate.swift; sourceTree = "<group>"; };
		2E57E1391DBDC3470055DBE6 /* ViewController.swift */ = {isa = PBXFileReference; lastKnownFileType = sourcecode.swift; path = ViewController.swift; sourceTree = "<group>"; };
		2E57E13C1DBDC3470055DBE6 /* Base */ = {isa = PBXFileReference; lastKnownFileType = file.storyboard; name = Base; path = Base.lproj/Main.storyboard; sourceTree = "<group>"; };
		2E57E13E1DBDC3470055DBE6 /* Assets.xcassets */ = {isa = PBXFileReference; lastKnownFileType = folder.assetcatalog; path = Assets.xcassets; sourceTree = "<group>"; };
		2E57E1411DBDC3470055DBE6 /* Base */ = {isa = PBXFileReference; lastKnownFileType = file.storyboard; name = Base; path = Base.lproj/LaunchScreen.storyboard; sourceTree = "<group>"; };
		2E57E1431DBDC3470055DBE6 /* Info.plist */ = {isa = PBXFileReference; lastKnownFileType = text.plist.xml; path = Info.plist; sourceTree = "<group>"; };
		3984FDD1BC2DC63713011164 /* Pods-GoalKicker.release.xcconfig */ = {isa = PBXFileReference; includeInIndex = 1; lastKnownFileType = text.xcconfig; name = "Pods-GoalKicker.release.xcconfig"; path = "Pods/Target Support Files/Pods-GoalKicker/Pods-GoalKicker.release.xcconfig"; sourceTree = "<group>"; };
		80FF2B86F7CC03D24885A8B8 /* Pods_GoalKicker.framework */ = {isa = PBXFileReference; explicitFileType = wrapper.framework; includeInIndex = 0; path = Pods_GoalKicker.framework; sourceTree = BUILT_PRODUCTS_DIR; };
		8CF455CD7A777587A3F61AAD /* Pods-GoalKicker.debug.xcconfig */ = {isa = PBXFileReference; includeInIndex = 1; lastKnownFileType = text.xcconfig; name = "Pods-GoalKicker.debug.xcconfig"; path = "Pods/Target Support Files/Pods-GoalKicker/Pods-GoalKicker.debug.xcconfig"; sourceTree = "<group>"; };
/* End PBXFileReference section */

/* Begin PBXFrameworksBuildPhase section */
		2E57E1311DBDC3470055DBE6 /* Frameworks */ = {
			isa = PBXFrameworksBuildPhase;
			buildActionMask = 2147483647;
			files = (
				A97A88827138B8A54041746E /* Pods_GoalKicker.framework in Frameworks */,
			);
			runOnlyForDeploymentPostprocessing = 0;
		};
/* End PBXFrameworksBuildPhase section */

/* Begin PBXGroup section */
		2E57E12B1DBDC3470055DBE6 = {
			isa = PBXGroup;
			children = (
				2E57E1361DBDC3470055DBE6 /* GoalKicker */,
				2E57E1351DBDC3470055DBE6 /* Products */,
				CEDF9ECE42125DF7DF6771CE /* Pods */,
				9B67B410B8A318F17107DA4A /* Frameworks */,
			);
			sourceTree = "<group>";
		};
		2E57E1351DBDC3470055DBE6 /* Products */ = {
			isa = PBXGroup;
			children = (
				2E57E1341DBDC3470055DBE6 /* GoalKicker.app */,
			);
			name = Products;
			sourceTree = "<group>";
		};
		2E57E1361DBDC3470055DBE6 /* GoalKicker */ = {
			isa = PBXGroup;
			children = (
				2E57E1371DBDC3470055DBE6 /* AppDelegate.swift */,
				2E57E1391DBDC3470055DBE6 /* ViewController.swift */,
				2E57E13B1DBDC3470055DBE6 /* Main.storyboard */,
				2E57E13E1DBDC3470055DBE6 /* Assets.xcassets */,
				2E57E1401DBDC3470055DBE6 /* LaunchScreen.storyboard */,
				2E57E1431DBDC3470055DBE6 /* Info.plist */,
			);
			path = GoalKicker;
			sourceTree = "<group>";
		};
		9B67B410B8A318F17107DA4A /* Frameworks */ = {
			isa = PBXGroup;
			children = (
				80FF2B86F7CC03D24885A8B8 /* Pods_GoalKicker.framework */,
			);
			name = Frameworks;
			sourceTree = "<group>";
		};
		CEDF9ECE42125DF7DF6771CE /* Pods */ = {
			isa = PBXGroup;
			children = (
				8CF455CD7A777587A3F61AAD /* Pods-GoalKicker.debug.xcconfig */,
				3984FDD1BC2DC63713011164 /* Pods-GoalKicker.release.xcconfig */,
			);
			name = Pods;
			sourceTree = "<group>";
		};
/* End PBXGroup section */

/* Begin PBXNativeTarget section */
		2E57E1331DBDC3470055DBE6 /* GoalKicker */ = {
			isa = PBXNativeTarget;
			buildConfigurationList = 2E57E1461DBDC3470055DBE6 /* Build configuration list for PBXNativeTarget "GoalKicker" */;
			buildPhases = (
				9484C111A370964D8D1DD20D /* [CP] Check Pods Manifest.lock */,
				2E57E1301DBDC3470055DBE6 /* Sources */,
				2E57E1311DBDC3470055DBE6 /* Frameworks */,
				2E57E1321DBDC3470055DBE6 /* Resources */,
				8EDEC23998FE63BC6A74F97E /* [CP] Embed Pods Frameworks */,
				DDF716D1D8C0AD6E7E6A0642 /* [CP] Copy Pods Resources */,
			);
			buildRules = (
			);
			dependencies = (
			);
			name = GoalKicker;
			productName = GoalKicker;
			productReference = 2E57E1341DBDC3470055DBE6 /* GoalKicker.app */;
			productType = "com.apple.product-type.application";
		};
/* End PBXNativeTarget section */

/* Begin PBXProject section */
		2E57E12C1DBDC3470055DBE6 /* Project object */ = {
			isa = PBXProject;
			attributes = {
				LastSwiftUpdateCheck = 0800;
				LastUpgradeCheck = 0810;
				ORGANIZATIONNAME = Marcadian;
				TargetAttributes = {
					2E57E1331DBDC3470055DBE6 = {
						CreatedOnToolsVersion = 8.0;
						ProvisioningStyle = Automatic;
					};
				};
			};
			buildConfigurationList = 2E57E12F1DBDC3470055DBE6 /* Build configuration list for PBXProject "GoalKicker" */;
			compatibilityVersion = "Xcode 3.2";
			developmentRegion = English;
			hasScannedForEncodings = 0;
			knownRegions = (
				en,
				Base,
			);
			mainGroup = 2E57E12B1DBDC3470055DBE6;
			productRefGroup = 2E57E1351DBDC3470055DBE6 /* Products */;
			projectDirPath = "";
			projectRoot = "";
			targets = (
				2E57E1331DBDC3470055DBE6 /* GoalKicker */,
			);
		};
/* End PBXProject section */

/* Begin PBXResourcesBuildPhase section */
		2E57E1321DBDC3470055DBE6 /* Resources */ = {
			isa = PBXResourcesBuildPhase;
			buildActionMask = 2147483647;
			files = (
				2E57E1421DBDC3470055DBE6 /* LaunchScreen.storyboard in Resources */,
				2E57E13F1DBDC3470055DBE6 /* Assets.xcassets in Resources */,
				2E57E13D1DBDC3470055DBE6 /* Main.storyboard in Resources */,
			);
			runOnlyForDeploymentPostprocessing = 0;
		};
/* End PBXResourcesBuildPhase section */

/* Begin PBXShellScriptBuildPhase section */
		8EDEC23998FE63BC6A74F97E /* [CP] Embed Pods Frameworks */ = {
			isa = PBXShellScriptBuildPhase;
			buildActionMask = 2147483647;
			files = (
			);
			inputPaths = (
			);
			name = "[CP] Embed Pods Frameworks";
			outputPaths = (
			);
			runOnlyForDeploymentPostprocessing = 0;
			shellPath = /bin/sh;
			shellScript = "\"${SRCROOT}/Pods/Target Support Files/Pods-GoalKicker/Pods-GoalKicker-frameworks.sh\"\n";
			showEnvVarsInLog = 0;
		};
		9484C111A370964D8D1DD20D /* [CP] Check Pods Manifest.lock */ = {
			isa = PBXShellScriptBuildPhase;
			buildActionMask = 2147483647;
			files = (
			);
			inputPaths = (
			);
			name = "[CP] Check Pods Manifest.lock";
			outputPaths = (
			);
			runOnlyForDeploymentPostprocessing = 0;
			shellPath = /bin/sh;
			shellScript = "diff \"${PODS_ROOT}/../Podfile.lock\" \"${PODS_ROOT}/Manifest.lock\" > /dev/null\nif [ $? != 0 ] ; then\n    # print error to STDERR\n    echo \"error: The sandbox is not in sync with the Podfile.lock. Run 'pod install' or update your CocoaPods installation.\" >&2\n    exit 1\nfi\n";
			showEnvVarsInLog = 0;
		};
		DDF716D1D8C0AD6E7E6A0642 /* [CP] Copy Pods Resources */ = {
			isa = PBXShellScriptBuildPhase;
			buildActionMask = 2147483647;
			files = (
			);
			inputPaths = (
			);
			name = "[CP] Copy Pods Resources";
			outputPaths = (
			);
			runOnlyForDeploymentPostprocessing = 0;
			shellPath = /bin/sh;
			shellScript = "\"${SRCROOT}/Pods/Target Support Files/Pods-GoalKicker/Pods-GoalKicker-resources.sh\"\n";
			showEnvVarsInLog = 0;
		};
/* End PBXShellScriptBuildPhase section */

/* Begin PBXSourcesBuildPhase section */
		2E57E1301DBDC3470055DBE6 /* Sources */ = {
			isa = PBXSourcesBuildPhase;
			buildActionMask = 2147483647;
			files = (
				2E57E13A1DBDC3470055DBE6 /* ViewController.swift in Sources */,
				2E57E1381DBDC3470055DBE6 /* AppDelegate.swift in Sources */,
			);
			runOnlyForDeploymentPostprocessing = 0;
		};
/* End PBXSourcesBuildPhase section */

/* Begin PBXVariantGroup section */
		2E57E13B1DBDC3470055DBE6 /* Main.storyboard */ = {
			isa = PBXVariantGroup;
			children = (
				2E57E13C1DBDC3470055DBE6 /* Base */,
			);
			name = Main.storyboard;
			sourceTree = "<group>";
		};
		2E57E1401DBDC3470055DBE6 /* LaunchScreen.storyboard */ = {
			isa = PBXVariantGroup;
			children = (
				2E57E1411DBDC3470055DBE6 /* Base */,
			);
			name = LaunchScreen.storyboard;
			sourceTree = "<group>";
		};
/* End PBXVariantGroup section */

/* Begin XCBuildConfiguration section */
		2E57E1441DBDC3470055DBE6 /* Debug */ = {
			isa = XCBuildConfiguration;
			buildSettings = {
				ALWAYS_SEARCH_USER_PATHS = NO;
				CLANG_ANALYZER_NONNULL = YES;
				CLANG_CXX_LANGUAGE_STANDARD = "gnu++0x";
				CLANG_CXX_LIBRARY = "libc++";
				CLANG_ENABLE_MODULES = YES;
				CLANG_ENABLE_OBJC_ARC = YES;
				CLANG_WARN_BOOL_CONVERSION = YES;
				CLANG_WARN_CONSTANT_CONVERSION = YES;
				CLANG_WARN_DIRECT_OBJC_ISA_USAGE = YES_ERROR;
				CLANG_WARN_DOCUMENTATION_COMMENTS = YES;
				CLANG_WARN_EMPTY_BODY = YES;
				CLANG_WARN_ENUM_CONVERSION = YES;
				CLANG_WARN_INFINITE_RECURSION = YES;
				CLANG_WARN_INT_CONVERSION = YES;
				CLANG_WARN_OBJC_ROOT_CLASS = YES_ERROR;
				CLANG_WARN_SUSPICIOUS_MOVE = YES;
				CLANG_WARN_SUSPICIOUS_MOVES = YES;
				CLANG_WARN_UNREACHABLE_CODE = YES;
				CLANG_WARN__DUPLICATE_METHOD_MATCH = YES;
				"CODE_SIGN_IDENTITY[sdk=iphoneos*]" = "iPhone Developer";
				COPY_PHASE_STRIP = NO;
				DEBUG_INFORMATION_FORMAT = dwarf;
				ENABLE_STRICT_OBJC_MSGSEND = YES;
				ENABLE_TESTABILITY = YES;
				GCC_C_LANGUAGE_STANDARD = gnu99;
				GCC_DYNAMIC_NO_PIC = NO;
				GCC_NO_COMMON_BLOCKS = YES;
				GCC_OPTIMIZATION_LEVEL = 0;
				GCC_PREPROCESSOR_DEFINITIONS = (
					"DEBUG=1",
					"$(inherited)",
				);
				GCC_WARN_64_TO_32_BIT_CONVERSION = YES;
				GCC_WARN_ABOUT_RETURN_TYPE = YES_ERROR;
				GCC_WARN_UNDECLARED_SELECTOR = YES;
				GCC_WARN_UNINITIALIZED_AUTOS = YES_AGGRESSIVE;
				GCC_WARN_UNUSED_FUNCTION = YES;
				GCC_WARN_UNUSED_VARIABLE = YES;
				IPHONEOS_DEPLOYMENT_TARGET = 10.0;
				MTL_ENABLE_DEBUG_INFO = YES;
				ONLY_ACTIVE_ARCH = YES;
				SDKROOT = iphoneos;
				SWIFT_ACTIVE_COMPILATION_CONDITIONS = DEBUG;
				SWIFT_OPTIMIZATION_LEVEL = "-Onone";
				TARGETED_DEVICE_FAMILY = 2;
			};
			name = Debug;
		};
		2E57E1451DBDC3470055DBE6 /* Release */ = {
			isa = XCBuildConfiguration;
			buildSettings = {
				ALWAYS_SEARCH_USER_PATHS = NO;
				CLANG_ANALYZER_NONNULL = YES;
				CLANG_CXX_LANGUAGE_STANDARD = "gnu++0x";
				CLANG_CXX_LIBRARY = "libc++";
				CLANG_ENABLE_MODULES = YES;
				CLANG_ENABLE_OBJC_ARC = YES;
				CLANG_WARN_BOOL_CONVERSION = YES;
				CLANG_WARN_CONSTANT_CONVERSION = YES;
				CLANG_WARN_DIRECT_OBJC_ISA_USAGE = YES_ERROR;
				CLANG_WARN_DOCUMENTATION_COMMENTS = YES;
				CLANG_WARN_EMPTY_BODY = YES;
				CLANG_WARN_ENUM_CONVERSION = YES;
				CLANG_WARN_INFINITE_RECURSION = YES;
				CLANG_WARN_INT_CONVERSION = YES;
				CLANG_WARN_OBJC_ROOT_CLASS = YES_ERROR;
				CLANG_WARN_SUSPICIOUS_MOVE = YES;
				CLANG_WARN_SUSPICIOUS_MOVES = YES;
				CLANG_WARN_UNREACHABLE_CODE = YES;
				CLANG_WARN__DUPLICATE_METHOD_MATCH = YES;
				"CODE_SIGN_IDENTITY[sdk=iphoneos*]" = "iPhone Developer";
				COPY_PHASE_STRIP = NO;
				DEBUG_INFORMATION_FORMAT = "dwarf-with-dsym";
				ENABLE_NS_ASSERTIONS = NO;
				ENABLE_STRICT_OBJC_MSGSEND = YES;
				GCC_C_LANGUAGE_STANDARD = gnu99;
				GCC_NO_COMMON_BLOCKS = YES;
				GCC_WARN_64_TO_32_BIT_CONVERSION = YES;
				GCC_WARN_ABOUT_RETURN_TYPE = YES_ERROR;
				GCC_WARN_UNDECLARED_SELECTOR = YES;
				GCC_WARN_UNINITIALIZED_AUTOS = YES_AGGRESSIVE;
				GCC_WARN_UNUSED_FUNCTION = YES;
				GCC_WARN_UNUSED_VARIABLE = YES;
				IPHONEOS_DEPLOYMENT_TARGET = 10.0;
				MTL_ENABLE_DEBUG_INFO = NO;
				SDKROOT = iphoneos;
				SWIFT_OPTIMIZATION_LEVEL = "-Owholemodule";
				TARGETED_DEVICE_FAMILY = 2;
				VALIDATE_PRODUCT = YES;
			};
			name = Release;
		};
		2E57E1471DBDC3470055DBE6 /* Debug */ = {
			isa = XCBuildConfiguration;
			baseConfigurationReference = 8CF455CD7A777587A3F61AAD /* Pods-GoalKicker.debug.xcconfig */;
			buildSettings = {
				ASSETCATALOG_COMPILER_APPICON_NAME = AppIcon;
				INFOPLIST_FILE = GoalKicker/Info.plist;
				LD_RUNPATH_SEARCH_PATHS = "$(inherited) @executable_path/Frameworks";
				PRODUCT_BUNDLE_IDENTIFIER = Marcadian.GoalKicker;
				PRODUCT_NAME = "$(TARGET_NAME)";
				SWIFT_VERSION = 3.0;
			};
			name = Debug;
		};
		2E57E1481DBDC3470055DBE6 /* Release */ = {
			isa = XCBuildConfiguration;
			baseConfigurationReference = 3984FDD1BC2DC63713011164 /* Pods-GoalKicker.release.xcconfig */;
			buildSettings = {
				ASSETCATALOG_COMPILER_APPICON_NAME = AppIcon;
				INFOPLIST_FILE = GoalKicker/Info.plist;
				LD_RUNPATH_SEARCH_PATHS = "$(inherited) @executable_path/Frameworks";
				PRODUCT_BUNDLE_IDENTIFIER = Marcadian.GoalKicker;
				PRODUCT_NAME = "$(TARGET_NAME)";
				SWIFT_VERSION = 3.0;
			};
			name = Release;
		};
/* End XCBuildConfiguration section */

/* Begin XCConfigurationList section */
		2E57E12F1DBDC3470055DBE6 /* Build configuration list for PBXProject "GoalKicker" */ = {
			isa = XCConfigurationList;
			buildConfigurations = (
				2E57E1441DBDC3470055DBE6 /* Debug */,
				2E57E1451DBDC3470055DBE6 /* Release */,
			);
			defaultConfigurationIsVisible = 0;
			defaultConfigurationName = Release;
		};
		2E57E1461DBDC3470055DBE6 /* Build configuration list for PBXNativeTarget "GoalKicker" */ = {
			isa = XCConfigurationList;
			buildConfigurations = (
				2E57E1471DBDC3470055DBE6 /* Debug */,
				2E57E1481DBDC3470055DBE6 /* Release */,
			);
			defaultConfigurationIsVisible = 0;
			defaultConfigurationName = Release;
		};
/* End XCConfigurationList section */
	};
	rootObject = 2E57E12C1DBDC3470055DBE6 /* Project object */;
}
